[{<<"base16">>,{pkg,<<"base16">>,<<"1.0.0">>},1},
 {<<"basho_stats">>,
  {git,"git://github.com/basho/basho_stats.git",
       {ref,"19c532af235ae675439d491b329c55c2f9b02deb"}},
  1},
 {<<"bear">>,
  {git,"git://github.com/basho/bear.git",
       {ref,"da820a13c607c3f816ee8b83c587266da5389761"}},
  3},
 {<<"bugsnag">>,
  {git,"https://github.com/project-fifo/bugsnag-erlang.git",
       {ref,"2a1966b9682d2a325f70d4447b9a395342cde62b"}},
  0},
 {<<"chash">>,
  {git,"https://github.com/Licenser/chash.git",
       {ref,"a898b6ef0284985f9dced9f429452cf325c4e193"}},
  1},
 {<<"clique">>,
  {git,"https://github.com/project-fifo/clique.git",
       {ref,"8067df5680a32c209d781e66e89f57f3a87a3d28"}},
  0},
 {<<"cluster_info">>,
  {git,"https://github.com/basho/cluster_info.git",
       {ref,"e600bbaa99052d4cea832e1986e2d5e21ed400b0"}},
  0},
 {<<"cuttlefish">>,
  {git,"https://github.com/tsloughter/cuttlefish.git",
       {ref,"f5f6fdc1b0dd8ebe909b81f0b38f5715d4e869e6"}},
  0},
 {<<"ddb_client">>,{pkg,<<"ddb_client">>,<<"0.1.17">>},1},
 {<<"dproto">>,{pkg,<<"dproto">>,<<"0.1.12">>},2},
 {<<"edown">>,
  {git,"https://github.com/uwiger/edown.git",
       {ref,"abd9f5bbf9265a0a25640a677824386e199e91a6"}},
  0},
 {<<"eleveldb">>,
  {git,"git://github.com/basho/eleveldb.git",
       {ref,"a36dbd609c742d9ad572c38c3464730da3419248"}},
  1},
 {<<"eper">>,{pkg,<<"eper">>,<<"0.94.0">>},0},
 {<<"eplugin">>,
  {git,"https://github.com/Licenser/eplugin.git",
       {ref,"0334484d1eb7d183b6c6f05a43da70607f13ac39"}},
  0},
 {<<"erlcloud">>,
  {git,"https://github.com/project-fifo/erlcloud",
       {ref,"5c56980eb42a0e1f4138136f218fde3032e47228"}},
  0},
 {<<"exometer_core">>,
  {git,"git://github.com/basho/exometer_core.git",
       {ref,"b47a5d65d9500c2b8f6ccc50e34005503589ef77"}},
  1},
 {<<"fifo_db">>,
  {git,"https://github.com/project-fifo/fifo-db.git",
       {ref,"b76680f9f8f2171c4595f31ab0f8089817f041d7"}},
  0},
 {<<"fifo_dt">>,
  {git,"https://github.com/project-fifo/fifo_dt.git",
       {ref,"5c0b3630b42e89b7ad8293f35b16a129cc1cbb36"}},
  0},
 {<<"fifo_lager">>,
  {git,"https://github.com/project-fifo/fifo_lager.git",
       {ref,"82cd079c4da4a3db99de83517f6f91b06e590da6"}},
  0},
 {<<"fifo_s3">>,
  {git,"https://github.com/project-fifo/fifo_s3.git",
       {ref,"2ac919b4535fcb49cdccd742db6166414e2406f3"}},
  0},
 {<<"fifo_spec">>,
  {git,"https://github.com/project-fifo/fifo_spec.git",
       {ref,"8e7c108516fccdf4a5af408f92eb6df9ee4c3b87"}},
  0},
 {<<"fifo_utils">>,
  {git,"https://github.com/project-fifo/fifo_utils.git",
       {ref,"ffc58d2fd893b6d6c95ef45c669ccb723cefca07"}},
  0},
 {<<"folsom">>,
  {git,"git://github.com/basho/folsom.git",
       {ref,"72944523b6467c9f7add5f1c96dd5020424a2681"}},
  2},
 {<<"folsom_ddb">>,{pkg,<<"folsom_ddb">>,<<"0.1.20">>},0},
 {<<"getopt">>,
  {git,"git://github.com/jcomellas/getopt.git",
       {ref,"659a28f4145bc9843598972854299dc4ea77e4cb"}},
  1},
 {<<"goldrush">>,{pkg,<<"goldrush">>,<<"0.1.7">>},1},
 {<<"hackney">>,
  {git,"https://github.com/benoitc/hackney.git",
       {ref,"0e4110b04e16878b356a78977dfc2c54547242cc"}},
  0},
 {<<"jsx">>,{pkg,<<"jsx">>,<<"1.4.5">>},0},
 {<<"jsxd">>,{pkg,<<"jsxd">>,<<"0.1.10">>},0},
 {<<"lager">>,{pkg,<<"lager">>,<<"2.1.1">>},0},
 {<<"lager_graylog">>,
  {git,"https://github.com/esl/lager_graylog.git",
       {ref,"15f5d094448baa7f7018397e8e4493e9e919edfc"}},
  1},
 {<<"lager_logstash_backend">>,
  {git,"https://github.com/QBurstPoland/lager_logstash_backend.git",
       {ref,"069f5c803b5372fb7604789ee64bcbfef78e493a"}},
  1},
 {<<"libchunter">>,
  {git,"https://github.com/project-fifo/libchunter.git",
       {ref,"51c27c7ddeb40ab5b77181e69b7096f3b9a3d3af"}},
  0},
 {<<"libhowl">>,
  {git,"https://github.com/project-fifo/libhowl.git",
       {ref,"11bc6d9018bd1b8096339c59cfec6e0c317b2d0d"}},
  0},
 {<<"libleofs">>,
  {git,"https://github.com/project-fifo/libleofs.git",
       {ref,"7c14dafebf84a3149e3121f2ec4590094904620a"}},
  0},
 {<<"libsnarl">>,
  {git,"https://github.com/project-fifo/libsnarl.git",
       {ref,"8d8ce0bc128c98cb36d98d5904e2eb99b1068791"}},
  0},
 {<<"libsnarlmatch">>,{pkg,<<"libsnarlmatch">>,<<"0.1.7">>},1},
 {<<"mdns_client">>,{pkg,<<"mdns_client">>,<<"0.1.7">>},2},
 {<<"mdns_client_lib">>,{pkg,<<"mdns_client_lib">>,<<"0.1.30">>},1},
 {<<"mdns_server">>,{pkg,<<"mdns_server">>,<<"0.2.0">>},1},
 {<<"mdns_server_lib">>,
  {git,"https://github.com/Licenser/mdns_server_lib.git",
       {ref,"4d3d6db89956243de558a800825efd38f2a1c9dd"}},
  0},
 {<<"meck">>,
  {git,"https://github.com/basho/meck.git",
       {ref,"dde759050eff19a1a80fd854d7375174b191665d"}},
  0},
 {<<"mimetypes">>,
  {git,"https://github.com/spawngrid/mimetypes.git",
       {ref,"47d37a977a7d633199822bf6b08353007483d00f"}},
  1},
 {<<"mmath">>,{pkg,<<"mmath">>,<<"0.1.15">>},2},
 {<<"neotoma">>,
  {git,"git://github.com/seancribbs/neotoma.git",
       {ref,"760928ec8870da02eb11bccb501e2700925d06c6"}},
  1},
 {<<"oauth2">>,
  {git,"https://github.com/project-fifo/oauth2.git",
       {ref,"7f88b8af3b09cad4eb83678cb2bdaed00fce6a76"}},
  1},
 {<<"parse_trans">>,
  {git,"git://github.com/uwiger/parse_trans.git",
       {ref,"82cc00264aa1bad8fc5c0739b7541feb4a843432"}},
  2},
 {<<"pbkdf2">>,
  {git,"git://github.com/basho/erlang-pbkdf2.git",
       {ref,"7076584f5377e98600a7e2cb81980b2992fb2f71"}},
  1},
 {<<"poolboy">>,
  {git,"https://github.com/basho/poolboy.git",
       {ref,"8bb45fbc715c5f493642a1cc572ec7017d0d5fa3"}},
  0},
 {<<"pooler">>,{pkg,<<"pooler">>,<<"1.4.0">>},2},
 {<<"ranch">>,{pkg,<<"ranch">>,<<"1.1.0">>},1},
 {<<"rankmatcher">>,
  {git,"https://github.com/Licenser/rankmatcher.git",
       {ref,"34f2da11f63c5043c96ae8739ce05cb35112dfb2"}},
  0},
 {<<"recon">>,{pkg,<<"recon">>,<<"2.2.1">>},0},
 {<<"riak_core">>,
  {git,"https://github.com/project-fifo/riak_core",
       {ref,"fdf5dd785ee1045574173979aee7c6d1156cdd49"}},
  0},
 {<<"riak_dt">>,
  {git,"https://github.com/basho/riak_dt.git",
       {ref,"a2986bccd1cc42facdfe739495c6d13762ae0f37"}},
  1},
 {<<"riak_ensemble">>,
  {git,"https://github.com/basho/riak_ensemble.git",
       {ref,"1a79eed4b50eb044dc72f8a15b6ae2d9b63e3387"}},
  0},
 {<<"riak_sysmon">>,
  {git,"git://github.com/basho/riak_sysmon.git",
       {ref,"df6e244a5727d6b1bc035fdd0e8cdcde12bcc98a"}},
  1},
 {<<"setup">>,
  {git,"git://github.com/uwiger/setup.git",
       {ref,"51ee7c9f64d2bbe9dcbb58c278e8fbfd4d0ca5e2"}},
  2},
 {<<"sgte">>,
  {git,"https://github.com/project-fifo/sgte.git",
       {ref,"c921b55dc6eb2d541a6afd8edf37aaa0b9b577c0"}},
  0},
 {<<"uuid">>,
  {git,"https://github.com/project-fifo/erlang-uuid.git",
       {ref,"c28d740d878e91a075ee3d888ba15131d136e0d2"}},
  0}].
