{"1.1.0",
[{<<"base16">>,{pkg,<<"base16">>,<<"1.0.0">>},1},
 {<<"basho_stats">>,{pkg,<<"basho_stats">>,<<"1.0.3">>},1},
 {<<"bear">>,{pkg,<<"bear">>,<<"0.8.3">>},2},
 {<<"blume">>,{pkg,<<"blume">>,<<"0.1.0">>},1},
 {<<"bugsnag">>,
  {git,"https://github.com/project-fifo/bugsnag-erlang.git",
       {ref,"f34a78896db4a8015f2159e30cd84852931c90bf"}},
  0},
 {<<"certifi">>,{pkg,<<"certifi">>,<<"0.7.0">>},1},
 {<<"chash">>,{pkg,<<"chash">>,<<"0.1.2">>},1},
 {<<"clique">>,{pkg,<<"clique">>,<<"0.3.6">>},1},
 {<<"cuttlefish">>,{pkg,<<"cuttlefish">>,<<"2.0.8">>},1},
 {<<"ddb_client">>,{pkg,<<"ddb_client">>,<<"0.2.0">>},1},
 {<<"ddb_connection">>,{pkg,<<"ddb_connection">>,<<"0.1.20">>},2},
 {<<"dproto">>,{pkg,<<"dproto">>,<<"0.2.2">>},2},
 {<<"dqe_idx">>,{pkg,<<"dqe_idx">>,<<"0.2.1">>},1},
 {<<"dqe_idx_ddb">>,{pkg,<<"dqe_idx_ddb">>,<<"0.2.4">>},1},
 {<<"dqe_idx_pg">>,{pkg,<<"dqe_idx_pg">>,<<"0.3.6">>},1},
 {<<"edown">>,{pkg,<<"edown">>,<<"0.7.0">>},1},
 {<<"eini">>,{pkg,<<"eini">>,<<"1.2.4">>},1},
 {<<"eleveldb">>,{pkg,<<"eleveldb">>,<<"2.2.19">>},1},
 {<<"eper">>,{pkg,<<"eper">>,<<"0.94.0">>},0},
 {<<"epgsql">>,{pkg,<<"epgsql">>,<<"3.3.0">>},3},
 {<<"eplugin">>,
  {git,"https://github.com/Licenser/eplugin.git",
       {ref,"0334484d1eb7d183b6c6f05a43da70607f13ac39"}},
  0},
 {<<"erlcloud">>,{pkg,<<"erlcloud">>,<<"0.13.10">>},0},
 {<<"erocksdb">>,{pkg,<<"erocksdb">>,<<"0.4.1">>},1},
 {<<"exometer_core">>,{pkg,<<"basho_exometer_core">>,<<"1.0.2">>},1},
 {<<"fifo_db">>,
  {git,"https://github.com/project-fifo/fifo-db.git",
       {ref,"8acbc9bcf832a8b074ae764952e3b7d331417537"}},
  0},
 {<<"fifo_dt">>,
  {git,"https://github.com/project-fifo/fifo_dt.git",
       {ref,"7e4d039e500fa03f0e96dfed0356e1faac0976d8"}},
  0},
 {<<"fifo_lager">>,
  {git,"https://github.com/project-fifo/fifo_lager.git",
       {ref,"c0e8e1611ee3c57f68a1fb99caa3c64390efcff7"}},
  0},
 {<<"fifo_s3">>,
  {git,"https://github.com/project-fifo/fifo_s3.git",
       {ref,"3482db78a8648a00d687c1ec2ffb9d0f7f86d3f8"}},
  0},
 {<<"fifo_spec">>,
  {git,"https://github.com/project-fifo/fifo_spec.git",
       {ref,"8d2305b8d41241a103f51d74214de0b5ff0abc12"}},
  0},
 {<<"fifo_utils">>,
  {git,"https://github.com/project-fifo/fifo_utils.git",
       {ref,"4a8070f9e826d26a4d29f47f2fd406fcff56858e"}},
  0},
 {<<"folsom">>,{pkg,<<"folsom">>,<<"0.8.3">>},1},
 {<<"folsom_ddb">>,{pkg,<<"folsom_ddb">>,<<"0.1.32">>},0},
 {<<"getopt">>,{pkg,<<"getopt">>,<<"0.8.2">>},2},
 {<<"goldrush">>,{pkg,<<"goldrush">>,<<"0.1.8">>},1},
 {<<"hackney">>,{pkg,<<"hackney">>,<<"1.6.5">>},0},
 {<<"idna">>,{pkg,<<"idna">>,<<"1.2.0">>},1},
 {<<"jsone">>,{pkg,<<"jsone">>,<<"1.3.2">>},1},
 {<<"jsx">>,{pkg,<<"jsx">>,<<"1.4.5">>},0},
 {<<"jsxd">>,{pkg,<<"jsxd">>,<<"0.2.3">>},0},
 {<<"lager">>,{pkg,<<"lager">>,<<"3.2.4">>},1},
 {<<"lager_graylog">>,{pkg,<<"lager_graylog">>,<<"0.1.1">>},1},
 {<<"lager_logstash_backend">>,
  {pkg,<<"lager_logstash_backend">>,<<"0.1.1">>},
  1},
 {<<"lhttpc">>,{pkg,<<"lhttpc">>,<<"1.4.0">>},1},
 {<<"libchunter">>,
  {git,"https://github.com/project-fifo/libchunter.git",
       {ref,"4e6ac50e58f0d149c49e297b3e28dde6c35e48f8"}},
  0},
 {<<"libhowl">>,
  {git,"https://github.com/project-fifo/libhowl.git",
       {ref,"c0beb101ceb9ccfad80074576720a8b80c89ba89"}},
  0},
 {<<"libleofs">>,
  {git,"https://github.com/project-fifo/libleofs.git",
       {ref,"7c14dafebf84a3149e3121f2ec4590094904620a"}},
  0},
 {<<"libsnarl">>,
  {git,"https://github.com/project-fifo/libsnarl.git",
       {ref,"c25b9b4eadbf0d9a03b656ecd162306ad505b5a0"}},
  0},
 {<<"libsnarlmatch">>,{pkg,<<"libsnarlmatch">>,<<"0.1.7">>},1},
 {<<"mdns_client">>,{pkg,<<"mdns_client">>,<<"0.1.8">>},2},
 {<<"mdns_client_lib">>,{pkg,<<"mdns_client_lib">>,<<"0.1.41">>},1},
 {<<"mdns_server">>,{pkg,<<"mdns_server">>,<<"0.2.0">>},1},
 {<<"mdns_server_lib">>,
  {git,"https://github.com/Licenser/mdns_server_lib.git",
       {ref,"4d3d6db89956243de558a800825efd38f2a1c9dd"}},
  0},
 {<<"metrics">>,{pkg,<<"metrics">>,<<"1.0.1">>},1},
 {<<"mimerl">>,{pkg,<<"mimerl">>,<<"1.0.2">>},1},
 {<<"mmath">>,{pkg,<<"mmath">>,<<"0.2.14">>},2},
 {<<"oauth2">>,{pkg,<<"oauth2_erlang">>,<<"0.6.1">>},1},
 {<<"parse_trans">>,{pkg,<<"parse_trans">>,<<"2.9.0">>},2},
 {<<"pbkdf2">>,{pkg,<<"pbkdf2">>,<<"2.0.0">>},1},
 {<<"pgapp">>,{pkg,<<"pgapp">>,<<"0.0.2">>},2},
 {<<"poolboy">>,{pkg,<<"basho_poolboy">>,<<"0.8.1-p3">>},0},
 {<<"pooler">>,{pkg,<<"pooler">>,<<"1.5.0">>},2},
 {<<"quickrand">>,{pkg,<<"quickrand">>,<<"1.5.4">>},2},
 {<<"ranch">>,{pkg,<<"ranch">>,<<"1.1.0">>},1},
 {<<"rankmatcher">>,
  {git,"https://github.com/Licenser/rankmatcher.git",
       {ref,"8c5a9c31e0d27320d38cd8b372c31dbd8942fccd"}},
  0},
 {<<"recon">>,{pkg,<<"recon">>,<<"2.3.2">>},0},
 {<<"riak_core">>,
  {git,"https://github.com/project-fifo/riak_core",
       {ref,"937c4db762edebbec64ff13a5d8ae012969a9064"}},
  0},
 {<<"riak_dt">>,{pkg,<<"riak_dt">>,<<"2.1.1">>},1},
 {<<"riak_ensemble">>,{pkg,<<"riak_ensemble_ng">>,<<"2.2.0">>},1},
 {<<"riak_sysmon">>,{pkg,<<"riak_sysmon">>,<<"2.1.3">>},1},
 {<<"setup">>,{pkg,<<"setup">>,<<"1.7.0">>},2},
 {<<"sgte">>,
  {git,"https://github.com/project-fifo/sgte.git",
       {ref,"c921b55dc6eb2d541a6afd8edf37aaa0b9b577c0"}},
  0},
 {<<"snappy">>,{pkg,<<"snappy">>,<<"1.1.1">>},2},
 {<<"ssl_verify_fun">>,{pkg,<<"ssl_verify_fun">>,<<"1.1.1">>},1},
 {<<"trie">>,{pkg,<<"trie">>,<<"1.6.0">>},0},
 {<<"uuid">>,{pkg,<<"uuid_erl">>,<<"1.5.4">>},1}]}.
[
{pkg_hash,[
 {<<"base16">>, <<"283644E2B21BD5915ACB7178BED7851FB07C6E5749B8FAD68A53C501092176D9">>},
 {<<"basho_stats">>, <<"7E1174151509C64FCC1934120ED32295E14F84DAAE7F84926BA2C8D3700D146C">>},
 {<<"bear">>, <<"866002127A97932720A0D475D8582C98EC5FB78DB3A18DFE7EAF91594D9024B8">>},
 {<<"blume">>, <<"62DDA46B43E24D4B8D5407B8F6DDB78EBD2A8CDC84D9BC822CDDAEF6F402F3EB">>},
 {<<"certifi">>, <<"861A57F3808F7EB0C2D1802AFEAAE0FA5DE813B0DF0979153CBAFCD853ABABAF">>},
 {<<"chash">>, <<"AF02484F2640C653C4B9A8557A14CA0704989DBEDB27E7CCBC442F1903A3BCA7">>},
 {<<"clique">>, <<"1A7EB99DF038CC3C76686A67CA41D0F5F6A2F0F5D9863FE091EB8C35600EF80F">>},
 {<<"cuttlefish">>, <<"8B2AF27EF8540FCF23CFB6C037318E5C4EBB8D12A1E44F9F932B875B14005C28">>},
 {<<"ddb_client">>, <<"CAFEFB981C6697303285C23EA6C160EB9CD37D516AD4BF2D33126E2BDB0DC571">>},
 {<<"ddb_connection">>, <<"600C18E0910CE0A6744941A74AEEB569D5BABF15D5282A442C24B5635DA71CAD">>},
 {<<"dproto">>, <<"DD979C4BD18CF9672B8ABB85FF657D0BE53D4787321E7EB9C123D0CB7EC060F0">>},
 {<<"dqe_idx">>, <<"6BD1F0DE217DF0B213BD86CDBE19F5EEDBCAF0D5CBD51D955DB574A5C2DBA1EE">>},
 {<<"dqe_idx_ddb">>, <<"2316B160D3EF3AAF2C60213A870D7B6A13C4035BF578DDC52301DA879099420C">>},
 {<<"dqe_idx_pg">>, <<"5B93531BC946E53BED16947ADB01753F54DF6E057AD0B18AD13E603540C9A779">>},
 {<<"edown">>, <<"6803599606B10F8E328D6D60C44CD16244CD2429908894C415FCE4211C3BFEFD">>},
 {<<"eini">>, <<"ABD64A0533398A6D714D21219BB85F2D41FDB42665AC4080939B7BFA8E55F386">>},
 {<<"eleveldb">>, <<"81339BEB68DA0A5CDFF8662D5F4E8089B83530A7B8238D3F63B734A4D4C8040D">>},
 {<<"eper">>, <<"F5FB2DAA0DF8878748E1C598428EDA942A173E5121FF35C1D632129B84593A3A">>},
 {<<"epgsql">>, <<"974A578340E52012CBAB820CE756E7ED1DF1BAF0110C59A6753D8337A2CF9454">>},
 {<<"erlcloud">>, <<"BAD51BE48BED4F512F5DAD794440B4CCB2284A8344C7DFA9013186F4F5B35E82">>},
 {<<"erocksdb">>, <<"59A3258B1460D0E64F7575D912D9AF86FA5AA56729ABFF18E4D3E4FD4A5E01E0">>},
 {<<"exometer_core">>, <<"DC4BC9B0B47EDEE0C053B16AC5B9C692E662C7E1513FFC96F4D928BC3328D65F">>},
 {<<"folsom">>, <<"71CFF146152FA95E6092E62119F9DC96888660111E7B61853C8FDCF80598A4E0">>},
 {<<"folsom_ddb">>, <<"D549AF8ED2F475FFE2FACDCB1CF50DEA640F1E00B87D388E1B062A966624C2E6">>},
 {<<"getopt">>, <<"B17556DB683000BA50370B16C0619DF1337E7AF7ECBF7D64FBF8D1D6BCE3109B">>},
 {<<"goldrush">>, <<"2024BA375CEEA47E27EA70E14D2C483B2D8610101B4E852EF7F89163CDB6E649">>},
 {<<"hackney">>, <<"8C025EE397AC94A184B0743C73B33B96465E85F90A02E210E86DF6CBAFAA5065">>},
 {<<"idna">>, <<"AC62EE99DA068F43C50DC69ACF700E03A62A348360126260E87F2B54ECED86B2">>},
 {<<"jsone">>, <<"5558A02002FC97487A5345265114C3A0A47F0E2CF84183AE6483120C28B5A92D">>},
 {<<"jsx">>, <<"4FADDBE604AC330256D99936973E0C828DBBA1D7F27EA246C71879E447051F10">>},
 {<<"jsxd">>, <<"B2DBBB24A91536C50F75372FB8E28CD16691707AB53BE9449C59A8A611A581A2">>},
 {<<"lager">>, <<"A6DEB74DAE7927F46BD13255268308EF03EB206EC784A94EAF7C1C0F3B811615">>},
 {<<"lager_graylog">>, <<"2C3C11A7BCAB6135F0113DF71E26742B8A301AD2D2A67917526CDD20F90898F9">>},
 {<<"lager_logstash_backend">>, <<"66405FEC3223C13D94C3112933D4234FC7BF8C7DB77A1C9C162183AB5C044F73">>},
 {<<"lhttpc">>, <<"61760AFEC1DDB98E47972BE93B13FBFF487A63D65B91A02C41122A0ADF83DA38">>},
 {<<"libsnarlmatch">>, <<"CB58863E653406EAC5736E1F81EE8AA9BC75D906464D3BE63F22C5929500BA8C">>},
 {<<"mdns_client">>, <<"9BDE137935F7CAB917F79988396C03F773549A9F050E36F000EE68F330D66CF7">>},
 {<<"mdns_client_lib">>, <<"F5E5BCD8D848CBA81C4E88901010E65D6A0B7159787237FAA200A11874F73D1C">>},
 {<<"mdns_server">>, <<"FCA81A1504CB410B6DA925A34824D0963604A1F34E4A9EA091E4A1FD0CA715A5">>},
 {<<"metrics">>, <<"25F094DEA2CDA98213CECC3AEFF09E940299D950904393B2A29D191C346A8486">>},
 {<<"mimerl">>, <<"993F9B0E084083405ED8252B99460C4F0563E41729AB42D9074FD5E52439BE88">>},
 {<<"mmath">>, <<"7A9A2032A1BB34B02F4DEC4F2A8C1C87F115A5C4C950D4E782BF444353438E47">>},
 {<<"oauth2">>, <<"42E449E17F1DFB05B483C38F2DA2504F1CDFFC06F0ACF23773562A6824E8C903">>},
 {<<"parse_trans">>, <<"3F5F7B402928FB9FD200C891E635DE909045D1EFAC40CE3F924D3892898F85EB">>},
 {<<"pbkdf2">>, <<"11C23279FDED5C0027AB3996CFAE77805521D7EF4BABDE2BD7EC04A9086CF499">>},
 {<<"pgapp">>, <<"3E104BB777C8455D8B26D1538B67ABE0188EE97B1DF973FD936C2204CB316196">>},
 {<<"poolboy">>, <<"EBA815CD24871C37BF0538221D3E12EE14DC015CA5DCA74696E579E53F0FF9D5">>},
 {<<"pooler">>, <<"0FD4BE5D2976E6A2E9A1617623031758C26F200C1FCA89E4A3C542747BEC6371">>},
 {<<"quickrand">>, <<"47ADD4755CC5F209CBEFFD6F47C84061196CD7FAD99FD8FD12418EB0D06B939D">>},
 {<<"ranch">>, <<"F7ED6D97DB8C2A27CCA85CACBD543558001FC5A355E93A7BFF1E9A9065A8545B">>},
 {<<"recon">>, <<"4444C879BE323B1B133EEC5241CB84BD3821EA194C740D75617E106BE4744318">>},
 {<<"riak_dt">>, <<"56B1898A543C561994F5D052FDEA972525CA98F46FDB3DCDB7366E4F92EE8F54">>},
 {<<"riak_ensemble">>, <<"2078B8C2D8045B05FDED98E17F2571257F8FB2059C1B9A05C2EA6AFF4D898AD5">>},
 {<<"riak_sysmon">>, <<"2E81AF5763336C0B136D7ECEFFBEC3540DB20D54459C9F2AE1275FEE4927FB7B">>},
 {<<"setup">>, <<"15DF8E57C6DF9755E22BFB1AEF0C640BD97E9889396FDFB2A85A5536A9043674">>},
 {<<"snappy">>, <<"D63449A58F1358046B7ADAEC166AE8929C2B19881E76C4E13284304FE887C39A">>},
 {<<"ssl_verify_fun">>, <<"28A4D65B7F59893BC2C7DE786DEC1E1555BD742D336043FE644AE956C3497FBE">>},
 {<<"trie">>, <<"8D2B0C850A01B46FC4711AA1862D45D6AE3A0DA963127E44E6535EA88274D7D3">>},
 {<<"uuid">>, <<"06240EFF3EAF013CC22274689B0C1FF6345645EE5D47A9E4ED7545EEB7698B23">>}]}
].
